
Microsoft Visual Studio Solution File, Format Version 12.00
# Visual Studio 14
VisualStudioVersion = 14.0.23107.0
MinimumVisualStudioVersion = 10.0.40219.1
Project("{2150E333-8FDC-42A3-9474-1A3956D46DE8}") = "CoreComponents", "CoreComponents", "{CA5991D2-4BA7-4A76-9262-8B4EB0855966}"
EndProject
Project("{FAE04EC0-301F-11D3-BF4B-00C04F79EFBC}") = "DiagramLogic", "CoreComponents\DiagramLogic\DiagramLogic.csproj", "{E3041D35-AE6F-4AD0-B2E8-466324025D85}"
EndProject
Project("{FAE04EC0-301F-11D3-BF4B-00C04F79EFBC}") = "UIToolkit", "UIToolkit\UIToolkit.csproj", "{2EB5EA7E-6AA4-4CB0-802F-CF3C0DA7C54F}"
EndProject
Project("{FAE04EC0-301F-11D3-BF4B-00C04F79EFBC}") = "CoreFacade", "CoreComponents\CoreFacade\CoreFacade.csproj", "{04942782-942C-4B03-9641-5E6868CA2A82}"
EndProject
Project("{2150E333-8FDC-42A3-9474-1A3956D46DE8}") = "GUI", "GUI", "{E9010F35-30DE-42F1-A474-BDBA58ED3FC2}"
EndProject
Project("{FAE04EC0-301F-11D3-BF4B-00C04F79EFBC}") = "GUI.CSharp", "..\GUI\GUI.CSharp.csproj", "{F5522515-2BC3-7108-73BD-5CE105BDC924}"
EndProject
Project("{FAE04EC0-301F-11D3-BF4B-00C04F79EFBC}") = "GUI.CSharp.Plugins", "..\GUI\GUI.CSharp.Plugins.csproj", "{7C0A54A2-B58F-B8EF-48E2-BFE6685A451C}"
EndProject
Project("{2150E333-8FDC-42A3-9474-1A3956D46DE8}") = "Common", "Common", "{36DE1772-01E6-4D48-AFB3-94A5B75590B3}"
EndProject
Project("{FAE04EC0-301F-11D3-BF4B-00C04F79EFBC}") = "ZeroTypes", "Common\ZeroTypes\ZeroTypes.csproj", "{C7603723-713F-4B30-B93D-ED01E5B7C00A}"
EndProject
Project("{FAE04EC0-301F-11D3-BF4B-00C04F79EFBC}") = "Utility", "Common\Utility\Utility.csproj", "{F318D6A3-B2CC-4905-BA98-3F3BA3D38C4B}"
EndProject
Project("{2150E333-8FDC-42A3-9474-1A3956D46DE8}") = "Test", "Test", "{8953E879-FE55-49DA-8277-083CB7C9FDA3}"
EndProject
Project("{FAE04EC0-301F-11D3-BF4B-00C04F79EFBC}") = "TestDiagramLogic", "Test\TestDiagramLogic\TestDiagramLogic.csproj", "{2133E457-6D4C-4EEB-B813-6C446ADC7B77}"
EndProject
Project("{FAE04EC0-301F-11D3-BF4B-00C04F79EFBC}") = "TestUnityCode", "TestUnityCode\TestUnityCode.csproj", "{908FC792-CC43-455B-8BAA-1BE0E7265F19}"
EndProject
Global
	GlobalSection(SolutionConfigurationPlatforms) = preSolution
		Debug|Any CPU = Debug|Any CPU
		Release|Any CPU = Release|Any CPU
	EndGlobalSection
	GlobalSection(ProjectConfigurationPlatforms) = postSolution
		{E3041D35-AE6F-4AD0-B2E8-466324025D85}.Debug|Any CPU.ActiveCfg = Debug|Any CPU
		{E3041D35-AE6F-4AD0-B2E8-466324025D85}.Debug|Any CPU.Build.0 = Debug|Any CPU
		{E3041D35-AE6F-4AD0-B2E8-466324025D85}.Release|Any CPU.ActiveCfg = Release|Any CPU
		{E3041D35-AE6F-4AD0-B2E8-466324025D85}.Release|Any CPU.Build.0 = Release|Any CPU
		{2EB5EA7E-6AA4-4CB0-802F-CF3C0DA7C54F}.Debug|Any CPU.ActiveCfg = Debug|Any CPU
		{2EB5EA7E-6AA4-4CB0-802F-CF3C0DA7C54F}.Debug|Any CPU.Build.0 = Debug|Any CPU
		{2EB5EA7E-6AA4-4CB0-802F-CF3C0DA7C54F}.Release|Any CPU.ActiveCfg = Release|Any CPU
		{2EB5EA7E-6AA4-4CB0-802F-CF3C0DA7C54F}.Release|Any CPU.Build.0 = Release|Any CPU
		{04942782-942C-4B03-9641-5E6868CA2A82}.Debug|Any CPU.ActiveCfg = Debug|Any CPU
		{04942782-942C-4B03-9641-5E6868CA2A82}.Debug|Any CPU.Build.0 = Debug|Any CPU
		{04942782-942C-4B03-9641-5E6868CA2A82}.Release|Any CPU.ActiveCfg = Release|Any CPU
		{04942782-942C-4B03-9641-5E6868CA2A82}.Release|Any CPU.Build.0 = Release|Any CPU
		{F5522515-2BC3-7108-73BD-5CE105BDC924}.Debug|Any CPU.ActiveCfg = Debug|Any CPU
		{F5522515-2BC3-7108-73BD-5CE105BDC924}.Debug|Any CPU.Build.0 = Debug|Any CPU
		{F5522515-2BC3-7108-73BD-5CE105BDC924}.Release|Any CPU.ActiveCfg = Release|Any CPU
		{F5522515-2BC3-7108-73BD-5CE105BDC924}.Release|Any CPU.Build.0 = Release|Any CPU
		{7C0A54A2-B58F-B8EF-48E2-BFE6685A451C}.Debug|Any CPU.ActiveCfg = Debug|Any CPU
		{7C0A54A2-B58F-B8EF-48E2-BFE6685A451C}.Debug|Any CPU.Build.0 = Debug|Any CPU
		{7C0A54A2-B58F-B8EF-48E2-BFE6685A451C}.Release|Any CPU.ActiveCfg = Release|Any CPU
		{7C0A54A2-B58F-B8EF-48E2-BFE6685A451C}.Release|Any CPU.Build.0 = Release|Any CPU
		{C7603723-713F-4B30-B93D-ED01E5B7C00A}.Debug|Any CPU.ActiveCfg = Debug|Any CPU
		{C7603723-713F-4B30-B93D-ED01E5B7C00A}.Debug|Any CPU.Build.0 = Debug|Any CPU
		{C7603723-713F-4B30-B93D-ED01E5B7C00A}.Release|Any CPU.ActiveCfg = Release|Any CPU
		{C7603723-713F-4B30-B93D-ED01E5B7C00A}.Release|Any CPU.Build.0 = Release|Any CPU
		{F318D6A3-B2CC-4905-BA98-3F3BA3D38C4B}.Debug|Any CPU.ActiveCfg = Debug|Any CPU
		{F318D6A3-B2CC-4905-BA98-3F3BA3D38C4B}.Debug|Any CPU.Build.0 = Debug|Any CPU
		{F318D6A3-B2CC-4905-BA98-3F3BA3D38C4B}.Release|Any CPU.ActiveCfg = Release|Any CPU
		{F318D6A3-B2CC-4905-BA98-3F3BA3D38C4B}.Release|Any CPU.Build.0 = Release|Any CPU
		{2133E457-6D4C-4EEB-B813-6C446ADC7B77}.Debug|Any CPU.ActiveCfg = Debug|Any CPU
		{2133E457-6D4C-4EEB-B813-6C446ADC7B77}.Debug|Any CPU.Build.0 = Debug|Any CPU
		{2133E457-6D4C-4EEB-B813-6C446ADC7B77}.Release|Any CPU.ActiveCfg = Release|Any CPU
		{2133E457-6D4C-4EEB-B813-6C446ADC7B77}.Release|Any CPU.Build.0 = Release|Any CPU
		{908FC792-CC43-455B-8BAA-1BE0E7265F19}.Debug|Any CPU.ActiveCfg = Debug|Any CPU
		{908FC792-CC43-455B-8BAA-1BE0E7265F19}.Debug|Any CPU.Build.0 = Debug|Any CPU
		{908FC792-CC43-455B-8BAA-1BE0E7265F19}.Release|Any CPU.ActiveCfg = Release|Any CPU
		{908FC792-CC43-455B-8BAA-1BE0E7265F19}.Release|Any CPU.Build.0 = Release|Any CPU
	EndGlobalSection
	GlobalSection(SolutionProperties) = preSolution
		HideSolutionNode = FALSE
	EndGlobalSection
	GlobalSection(NestedProjects) = preSolution
		{E3041D35-AE6F-4AD0-B2E8-466324025D85} = {CA5991D2-4BA7-4A76-9262-8B4EB0855966}
		{04942782-942C-4B03-9641-5E6868CA2A82} = {CA5991D2-4BA7-4A76-9262-8B4EB0855966}
		{F5522515-2BC3-7108-73BD-5CE105BDC924} = {E9010F35-30DE-42F1-A474-BDBA58ED3FC2}
		{7C0A54A2-B58F-B8EF-48E2-BFE6685A451C} = {E9010F35-30DE-42F1-A474-BDBA58ED3FC2}
		{C7603723-713F-4B30-B93D-ED01E5B7C00A} = {36DE1772-01E6-4D48-AFB3-94A5B75590B3}
		{F318D6A3-B2CC-4905-BA98-3F3BA3D38C4B} = {36DE1772-01E6-4D48-AFB3-94A5B75590B3}
		{2133E457-6D4C-4EEB-B813-6C446ADC7B77} = {8953E879-FE55-49DA-8277-083CB7C9FDA3}
		{908FC792-CC43-455B-8BAA-1BE0E7265F19} = {8953E879-FE55-49DA-8277-083CB7C9FDA3}
	EndGlobalSection
EndGlobal
