
Microsoft Visual Studio Solution File, Format Version 12.00
# Visual Studio 2013
VisualStudioVersion = 12.0.30723.0
MinimumVisualStudioVersion = 10.0.40219.1
Project("{2150E333-8FDC-42A3-9474-1A3956D46DE8}") = "ThreeDee", "ThreeDee", "{E54864E0-779A-476E-8A1E-4385213637DA}"
	ProjectSection(SiliconStudioPackage) = preProject
		ThreeDee/ThreeDee.xkpkg = ThreeDee/ThreeDee.xkpkg
	EndProjectSection
EndProject
Project("{FAE04EC0-301F-11D3-BF4B-00C04F79EFBC}") = "ThreeDee.Windows", "ThreeDee\ThreeDee.Windows\ThreeDee.Windows.csproj", "{BF1F2C68-98B6-4773-8CCA-48BA70D2FFCD}"
EndProject
Project("{FAE04EC0-301F-11D3-BF4B-00C04F79EFBC}") = "ThreeDee.Game", "ThreeDee\ThreeDee.Game\ThreeDee.Game.csproj", "{00D1CE8D-E929-41F5-85E3-B1115D8CC56B}"
EndProject
Project("{FAE04EC0-301F-11D3-BF4B-00C04F79EFBC}") = "XenkoUtilities", "ThreeDee\XenkoUtilities\XenkoUtilities.csproj", "{302C3B81-B98D-4A29-8C42-91E69AD6622F}"
EndProject
Project("{FAE04EC0-301F-11D3-BF4B-00C04F79EFBC}") = "ThreeDee.UI", "ThreeDee\ThreeDee.UI\ThreeDee.UI.csproj", "{0AEF87F1-0AF7-49CF-A51F-FABD52DCEE87}"
EndProject
Global
	GlobalSection(SolutionConfigurationPlatforms) = preSolution
		AppStore|Any CPU = AppStore|Any CPU
		AppStore|Mixed Platforms = AppStore|Mixed Platforms
		AppStore|Windows = AppStore|Windows
		Debug|Any CPU = Debug|Any CPU
		Debug|Mixed Platforms = Debug|Mixed Platforms
		Debug|Windows = Debug|Windows
		Release|Any CPU = Release|Any CPU
		Release|Mixed Platforms = Release|Mixed Platforms
		Release|Windows = Release|Windows
		Testing|Any CPU = Testing|Any CPU
		Testing|Mixed Platforms = Testing|Mixed Platforms
		Testing|Windows = Testing|Windows
	EndGlobalSection
	GlobalSection(ProjectConfigurationPlatforms) = postSolution
		{BF1F2C68-98B6-4773-8CCA-48BA70D2FFCD}.AppStore|Any CPU.ActiveCfg = AppStore|Any CPU
		{BF1F2C68-98B6-4773-8CCA-48BA70D2FFCD}.AppStore|Any CPU.Build.0 = AppStore|Any CPU
		{BF1F2C68-98B6-4773-8CCA-48BA70D2FFCD}.AppStore|Any CPU.Deploy.0 = AppStore|Any CPU
		{BF1F2C68-98B6-4773-8CCA-48BA70D2FFCD}.AppStore|Mixed Platforms.ActiveCfg = AppStore|Any CPU
		{BF1F2C68-98B6-4773-8CCA-48BA70D2FFCD}.AppStore|Mixed Platforms.Build.0 = AppStore|Any CPU
		{BF1F2C68-98B6-4773-8CCA-48BA70D2FFCD}.AppStore|Mixed Platforms.Deploy.0 = AppStore|Any CPU
		{BF1F2C68-98B6-4773-8CCA-48BA70D2FFCD}.AppStore|Windows.ActiveCfg = AppStore|Any CPU
		{BF1F2C68-98B6-4773-8CCA-48BA70D2FFCD}.AppStore|Windows.Build.0 = AppStore|Any CPU
		{BF1F2C68-98B6-4773-8CCA-48BA70D2FFCD}.AppStore|Windows.Deploy.0 = AppStore|Any CPU
		{BF1F2C68-98B6-4773-8CCA-48BA70D2FFCD}.Debug|Any CPU.ActiveCfg = Debug|Any CPU
		{BF1F2C68-98B6-4773-8CCA-48BA70D2FFCD}.Debug|Any CPU.Build.0 = Debug|Any CPU
		{BF1F2C68-98B6-4773-8CCA-48BA70D2FFCD}.Debug|Any CPU.Deploy.0 = Debug|Any CPU
		{BF1F2C68-98B6-4773-8CCA-48BA70D2FFCD}.Debug|Mixed Platforms.ActiveCfg = Debug|Any CPU
		{BF1F2C68-98B6-4773-8CCA-48BA70D2FFCD}.Debug|Mixed Platforms.Build.0 = Debug|Any CPU
		{BF1F2C68-98B6-4773-8CCA-48BA70D2FFCD}.Debug|Mixed Platforms.Deploy.0 = Debug|Any CPU
		{BF1F2C68-98B6-4773-8CCA-48BA70D2FFCD}.Debug|Windows.ActiveCfg = Debug|Any CPU
		{BF1F2C68-98B6-4773-8CCA-48BA70D2FFCD}.Debug|Windows.Build.0 = Debug|Any CPU
		{BF1F2C68-98B6-4773-8CCA-48BA70D2FFCD}.Debug|Windows.Deploy.0 = Debug|Any CPU
		{BF1F2C68-98B6-4773-8CCA-48BA70D2FFCD}.Release|Any CPU.ActiveCfg = Release|Any CPU
		{BF1F2C68-98B6-4773-8CCA-48BA70D2FFCD}.Release|Any CPU.Build.0 = Release|Any CPU
		{BF1F2C68-98B6-4773-8CCA-48BA70D2FFCD}.Release|Any CPU.Deploy.0 = Release|Any CPU
		{BF1F2C68-98B6-4773-8CCA-48BA70D2FFCD}.Release|Mixed Platforms.ActiveCfg = Release|Any CPU
		{BF1F2C68-98B6-4773-8CCA-48BA70D2FFCD}.Release|Mixed Platforms.Build.0 = Release|Any CPU
		{BF1F2C68-98B6-4773-8CCA-48BA70D2FFCD}.Release|Mixed Platforms.Deploy.0 = Release|Any CPU
		{BF1F2C68-98B6-4773-8CCA-48BA70D2FFCD}.Release|Windows.ActiveCfg = Release|Any CPU
		{BF1F2C68-98B6-4773-8CCA-48BA70D2FFCD}.Release|Windows.Build.0 = Release|Any CPU
		{BF1F2C68-98B6-4773-8CCA-48BA70D2FFCD}.Release|Windows.Deploy.0 = Release|Any CPU
		{BF1F2C68-98B6-4773-8CCA-48BA70D2FFCD}.Testing|Any CPU.ActiveCfg = Testing|Any CPU
		{BF1F2C68-98B6-4773-8CCA-48BA70D2FFCD}.Testing|Any CPU.Build.0 = Testing|Any CPU
		{BF1F2C68-98B6-4773-8CCA-48BA70D2FFCD}.Testing|Any CPU.Deploy.0 = Testing|Any CPU
		{BF1F2C68-98B6-4773-8CCA-48BA70D2FFCD}.Testing|Mixed Platforms.ActiveCfg = Testing|Any CPU
		{BF1F2C68-98B6-4773-8CCA-48BA70D2FFCD}.Testing|Mixed Platforms.Build.0 = Testing|Any CPU
		{BF1F2C68-98B6-4773-8CCA-48BA70D2FFCD}.Testing|Mixed Platforms.Deploy.0 = Testing|Any CPU
		{BF1F2C68-98B6-4773-8CCA-48BA70D2FFCD}.Testing|Windows.ActiveCfg = Testing|Any CPU
		{BF1F2C68-98B6-4773-8CCA-48BA70D2FFCD}.Testing|Windows.Build.0 = Testing|Any CPU
		{BF1F2C68-98B6-4773-8CCA-48BA70D2FFCD}.Testing|Windows.Deploy.0 = Testing|Any CPU
		{00D1CE8D-E929-41F5-85E3-B1115D8CC56B}.AppStore|Any CPU.ActiveCfg = AppStore|Any CPU
		{00D1CE8D-E929-41F5-85E3-B1115D8CC56B}.AppStore|Any CPU.Build.0 = AppStore|Any CPU
		{00D1CE8D-E929-41F5-85E3-B1115D8CC56B}.AppStore|Mixed Platforms.ActiveCfg = AppStore|Any CPU
		{00D1CE8D-E929-41F5-85E3-B1115D8CC56B}.AppStore|Mixed Platforms.Build.0 = AppStore|Any CPU
		{00D1CE8D-E929-41F5-85E3-B1115D8CC56B}.AppStore|Windows.ActiveCfg = AppStore|Any CPU
		{00D1CE8D-E929-41F5-85E3-B1115D8CC56B}.AppStore|Windows.Build.0 = AppStore|Any CPU
		{00D1CE8D-E929-41F5-85E3-B1115D8CC56B}.Debug|Any CPU.ActiveCfg = Debug|Any CPU
		{00D1CE8D-E929-41F5-85E3-B1115D8CC56B}.Debug|Any CPU.Build.0 = Debug|Any CPU
		{00D1CE8D-E929-41F5-85E3-B1115D8CC56B}.Debug|Mixed Platforms.ActiveCfg = Debug|Any CPU
		{00D1CE8D-E929-41F5-85E3-B1115D8CC56B}.Debug|Mixed Platforms.Build.0 = Debug|Any CPU
		{00D1CE8D-E929-41F5-85E3-B1115D8CC56B}.Debug|Windows.ActiveCfg = Debug|Any CPU
		{00D1CE8D-E929-41F5-85E3-B1115D8CC56B}.Debug|Windows.Build.0 = Debug|Any CPU
		{00D1CE8D-E929-41F5-85E3-B1115D8CC56B}.Release|Any CPU.ActiveCfg = Release|Any CPU
		{00D1CE8D-E929-41F5-85E3-B1115D8CC56B}.Release|Any CPU.Build.0 = Release|Any CPU
		{00D1CE8D-E929-41F5-85E3-B1115D8CC56B}.Release|Mixed Platforms.ActiveCfg = Release|Any CPU
		{00D1CE8D-E929-41F5-85E3-B1115D8CC56B}.Release|Mixed Platforms.Build.0 = Release|Any CPU
		{00D1CE8D-E929-41F5-85E3-B1115D8CC56B}.Release|Windows.ActiveCfg = Release|Any CPU
		{00D1CE8D-E929-41F5-85E3-B1115D8CC56B}.Release|Windows.Build.0 = Release|Any CPU
		{00D1CE8D-E929-41F5-85E3-B1115D8CC56B}.Testing|Any CPU.ActiveCfg = Testing|Any CPU
		{00D1CE8D-E929-41F5-85E3-B1115D8CC56B}.Testing|Any CPU.Build.0 = Testing|Any CPU
		{00D1CE8D-E929-41F5-85E3-B1115D8CC56B}.Testing|Mixed Platforms.ActiveCfg = Testing|Any CPU
		{00D1CE8D-E929-41F5-85E3-B1115D8CC56B}.Testing|Mixed Platforms.Build.0 = Testing|Any CPU
		{00D1CE8D-E929-41F5-85E3-B1115D8CC56B}.Testing|Windows.ActiveCfg = Testing|Any CPU
		{00D1CE8D-E929-41F5-85E3-B1115D8CC56B}.Testing|Windows.Build.0 = Testing|Any CPU
		{302C3B81-B98D-4A29-8C42-91E69AD6622F}.AppStore|Any CPU.ActiveCfg = AppStore|Any CPU
		{302C3B81-B98D-4A29-8C42-91E69AD6622F}.AppStore|Any CPU.Build.0 = AppStore|Any CPU
		{302C3B81-B98D-4A29-8C42-91E69AD6622F}.AppStore|Mixed Platforms.ActiveCfg = AppStore|Any CPU
		{302C3B81-B98D-4A29-8C42-91E69AD6622F}.AppStore|Mixed Platforms.Build.0 = AppStore|Any CPU
		{302C3B81-B98D-4A29-8C42-91E69AD6622F}.AppStore|Windows.ActiveCfg = AppStore|Any CPU
		{302C3B81-B98D-4A29-8C42-91E69AD6622F}.AppStore|Windows.Build.0 = AppStore|Any CPU
		{302C3B81-B98D-4A29-8C42-91E69AD6622F}.Debug|Any CPU.ActiveCfg = Debug|Any CPU
		{302C3B81-B98D-4A29-8C42-91E69AD6622F}.Debug|Any CPU.Build.0 = Debug|Any CPU
		{302C3B81-B98D-4A29-8C42-91E69AD6622F}.Debug|Mixed Platforms.ActiveCfg = Debug|Any CPU
		{302C3B81-B98D-4A29-8C42-91E69AD6622F}.Debug|Mixed Platforms.Build.0 = Debug|Any CPU
		{302C3B81-B98D-4A29-8C42-91E69AD6622F}.Debug|Windows.ActiveCfg = Debug|Any CPU
		{302C3B81-B98D-4A29-8C42-91E69AD6622F}.Debug|Windows.Build.0 = Debug|Any CPU
		{302C3B81-B98D-4A29-8C42-91E69AD6622F}.Release|Any CPU.ActiveCfg = Release|Any CPU
		{302C3B81-B98D-4A29-8C42-91E69AD6622F}.Release|Any CPU.Build.0 = Release|Any CPU
		{302C3B81-B98D-4A29-8C42-91E69AD6622F}.Release|Mixed Platforms.ActiveCfg = Release|Any CPU
		{302C3B81-B98D-4A29-8C42-91E69AD6622F}.Release|Mixed Platforms.Build.0 = Release|Any CPU
		{302C3B81-B98D-4A29-8C42-91E69AD6622F}.Release|Windows.ActiveCfg = Release|Any CPU
		{302C3B81-B98D-4A29-8C42-91E69AD6622F}.Release|Windows.Build.0 = Release|Any CPU
		{302C3B81-B98D-4A29-8C42-91E69AD6622F}.Testing|Any CPU.ActiveCfg = Testing|Any CPU
		{302C3B81-B98D-4A29-8C42-91E69AD6622F}.Testing|Any CPU.Build.0 = Testing|Any CPU
		{302C3B81-B98D-4A29-8C42-91E69AD6622F}.Testing|Mixed Platforms.ActiveCfg = Testing|Any CPU
		{302C3B81-B98D-4A29-8C42-91E69AD6622F}.Testing|Mixed Platforms.Build.0 = Testing|Any CPU
		{302C3B81-B98D-4A29-8C42-91E69AD6622F}.Testing|Windows.ActiveCfg = Testing|Any CPU
		{302C3B81-B98D-4A29-8C42-91E69AD6622F}.Testing|Windows.Build.0 = Testing|Any CPU
		{0AEF87F1-0AF7-49CF-A51F-FABD52DCEE87}.AppStore|Any CPU.ActiveCfg = AppStore|Any CPU
		{0AEF87F1-0AF7-49CF-A51F-FABD52DCEE87}.AppStore|Any CPU.Build.0 = AppStore|Any CPU
		{0AEF87F1-0AF7-49CF-A51F-FABD52DCEE87}.AppStore|Mixed Platforms.ActiveCfg = AppStore|Any CPU
		{0AEF87F1-0AF7-49CF-A51F-FABD52DCEE87}.AppStore|Mixed Platforms.Build.0 = AppStore|Any CPU
		{0AEF87F1-0AF7-49CF-A51F-FABD52DCEE87}.AppStore|Windows.ActiveCfg = AppStore|Any CPU
		{0AEF87F1-0AF7-49CF-A51F-FABD52DCEE87}.AppStore|Windows.Build.0 = AppStore|Any CPU
		{0AEF87F1-0AF7-49CF-A51F-FABD52DCEE87}.Debug|Any CPU.ActiveCfg = Debug|Any CPU
		{0AEF87F1-0AF7-49CF-A51F-FABD52DCEE87}.Debug|Any CPU.Build.0 = Debug|Any CPU
		{0AEF87F1-0AF7-49CF-A51F-FABD52DCEE87}.Debug|Mixed Platforms.ActiveCfg = Debug|Any CPU
		{0AEF87F1-0AF7-49CF-A51F-FABD52DCEE87}.Debug|Mixed Platforms.Build.0 = Debug|Any CPU
		{0AEF87F1-0AF7-49CF-A51F-FABD52DCEE87}.Debug|Windows.ActiveCfg = Debug|Any CPU
		{0AEF87F1-0AF7-49CF-A51F-FABD52DCEE87}.Debug|Windows.Build.0 = Debug|Any CPU
		{0AEF87F1-0AF7-49CF-A51F-FABD52DCEE87}.Release|Any CPU.ActiveCfg = Release|Any CPU
		{0AEF87F1-0AF7-49CF-A51F-FABD52DCEE87}.Release|Any CPU.Build.0 = Release|Any CPU
		{0AEF87F1-0AF7-49CF-A51F-FABD52DCEE87}.Release|Mixed Platforms.ActiveCfg = Release|Any CPU
		{0AEF87F1-0AF7-49CF-A51F-FABD52DCEE87}.Release|Mixed Platforms.Build.0 = Release|Any CPU
		{0AEF87F1-0AF7-49CF-A51F-FABD52DCEE87}.Release|Windows.ActiveCfg = Release|Any CPU
		{0AEF87F1-0AF7-49CF-A51F-FABD52DCEE87}.Release|Windows.Build.0 = Release|Any CPU
		{0AEF87F1-0AF7-49CF-A51F-FABD52DCEE87}.Testing|Any CPU.ActiveCfg = Testing|Any CPU
		{0AEF87F1-0AF7-49CF-A51F-FABD52DCEE87}.Testing|Any CPU.Build.0 = Testing|Any CPU
		{0AEF87F1-0AF7-49CF-A51F-FABD52DCEE87}.Testing|Mixed Platforms.ActiveCfg = Testing|Any CPU
		{0AEF87F1-0AF7-49CF-A51F-FABD52DCEE87}.Testing|Mixed Platforms.Build.0 = Testing|Any CPU
		{0AEF87F1-0AF7-49CF-A51F-FABD52DCEE87}.Testing|Windows.ActiveCfg = Testing|Any CPU
		{0AEF87F1-0AF7-49CF-A51F-FABD52DCEE87}.Testing|Windows.Build.0 = Testing|Any CPU
	EndGlobalSection
	GlobalSection(NestedProjects) = preSolution
		{BF1F2C68-98B6-4773-8CCA-48BA70D2FFCD} = {E54864E0-779A-476E-8A1E-4385213637DA}
		{00D1CE8D-E929-41F5-85E3-B1115D8CC56B} = {E54864E0-779A-476E-8A1E-4385213637DA}
		{302C3B81-B98D-4A29-8C42-91E69AD6622F} = {E54864E0-779A-476E-8A1E-4385213637DA}
		{0AEF87F1-0AF7-49CF-A51F-FABD52DCEE87} = {E54864E0-779A-476E-8A1E-4385213637DA}
	EndGlobalSection
EndGlobal
