
Microsoft Visual Studio Solution File, Format Version 12.00
# Visual Studio 14
VisualStudioVersion = 14.0.25420.1
MinimumVisualStudioVersion = 10.0.40219.1
Project("{2150E333-8FDC-42A3-9474-1A3956D46DE8}") = "GUI", "GUI", "{273FB970-9299-44A9-AF51-ECA267009B9A}"
	ProjectSection(SiliconStudioPackage) = preProject
		GUI/ThreeDee.xkpkg = GUI/ThreeDee.xkpkg
	EndProjectSection
EndProject
Project("{FAE04EC0-301F-11D3-BF4B-00C04F79EFBC}") = "UI", "GUI\UI\UI.csproj", "{A4ACED56-4CAE-49C3-B12C-5CE678A55545}"
EndProject
Project("{FAE04EC0-301F-11D3-BF4B-00C04F79EFBC}") = "ThreeDee.Windows", "GUI\ThreeDee.Windows\ThreeDee.Windows.csproj", "{A9A28FFA-4F3F-4AE3-B04A-96159EED4534}"
EndProject
Project("{2150E333-8FDC-42A3-9474-1A3956D46DE8}") = "Core", "Core", "{D9F9977F-5BC7-4F04-B570-88DEE3102854}"
EndProject
Project("{2150E333-8FDC-42A3-9474-1A3956D46DE8}") = "Common", "Common", "{9AADD287-26B1-4F1D-A5A7-A12BB90B4179}"
EndProject
Project("{FAE04EC0-301F-11D3-BF4B-00C04F79EFBC}") = "ZeroTypes", "Common\ZeroTypes\ZeroTypes.csproj", "{947485C9-3E19-48A2-9631-B6266EB433BB}"
EndProject
Project("{FAE04EC0-301F-11D3-BF4B-00C04F79EFBC}") = "DiagramLogic", "Core\DiagramLogic\DiagramLogic.csproj", "{713454CC-A90E-4A7A-B0DA-12686825E58B}"
EndProject
Project("{FAE04EC0-301F-11D3-BF4B-00C04F79EFBC}") = "CoreFacade", "Core\CoreFacade\CoreFacade.csproj", "{1F293D61-F8C1-4DC7-AA59-8C42678CEC08}"
EndProject
Project("{FAE04EC0-301F-11D3-BF4B-00C04F79EFBC}") = "Tests", "Tests\Tests.csproj", "{5F908590-D260-4CF8-BE8E-D20AE7643041}"
EndProject
Project("{FAE04EC0-301F-11D3-BF4B-00C04F79EFBC}") = "PortabilityLayer", "Common\PortabilityLayer\PortabilityLayer.csproj", "{0B034BE1-CE6D-4AB2-8F25-0AA02AAF4D75}"
EndProject
Project("{FAE04EC0-301F-11D3-BF4B-00C04F79EFBC}") = "UI3D", "GUI\UI3D\UI3D.csproj", "{1861B43C-B3BA-4BE6-BC4C-05FC009E1E90}"
EndProject
Global
	GlobalSection(SolutionConfigurationPlatforms) = preSolution
		AppStore|Any CPU = AppStore|Any CPU
		AppStore|Mixed Platforms = AppStore|Mixed Platforms
		AppStore|Windows = AppStore|Windows
		CoreCLR_Debug|Any CPU = CoreCLR_Debug|Any CPU
		CoreCLR_Debug|Mixed Platforms = CoreCLR_Debug|Mixed Platforms
		CoreCLR_Debug|Windows = CoreCLR_Debug|Windows
		CoreCLR_Release|Any CPU = CoreCLR_Release|Any CPU
		CoreCLR_Release|Mixed Platforms = CoreCLR_Release|Mixed Platforms
		CoreCLR_Release|Windows = CoreCLR_Release|Windows
		Debug|Any CPU = Debug|Any CPU
		Debug|Mixed Platforms = Debug|Mixed Platforms
		Debug|Windows = Debug|Windows
		Release|Any CPU = Release|Any CPU
		Release|Mixed Platforms = Release|Mixed Platforms
		Release|Windows = Release|Windows
		Testing|Any CPU = Testing|Any CPU
		Testing|Mixed Platforms = Testing|Mixed Platforms
		Testing|Windows = Testing|Windows
	EndGlobalSection
	GlobalSection(ProjectConfigurationPlatforms) = postSolution
		{A4ACED56-4CAE-49C3-B12C-5CE678A55545}.AppStore|Any CPU.ActiveCfg = AppStore|Any CPU
		{A4ACED56-4CAE-49C3-B12C-5CE678A55545}.AppStore|Any CPU.Build.0 = AppStore|Any CPU
		{A4ACED56-4CAE-49C3-B12C-5CE678A55545}.AppStore|Mixed Platforms.ActiveCfg = AppStore|Any CPU
		{A4ACED56-4CAE-49C3-B12C-5CE678A55545}.AppStore|Mixed Platforms.Build.0 = AppStore|Any CPU
		{A4ACED56-4CAE-49C3-B12C-5CE678A55545}.AppStore|Windows.ActiveCfg = AppStore|Any CPU
		{A4ACED56-4CAE-49C3-B12C-5CE678A55545}.AppStore|Windows.Build.0 = AppStore|Any CPU
		{A4ACED56-4CAE-49C3-B12C-5CE678A55545}.CoreCLR_Debug|Any CPU.ActiveCfg = CoreCLR_Debug|Any CPU
		{A4ACED56-4CAE-49C3-B12C-5CE678A55545}.CoreCLR_Debug|Any CPU.Build.0 = CoreCLR_Debug|Any CPU
		{A4ACED56-4CAE-49C3-B12C-5CE678A55545}.CoreCLR_Debug|Mixed Platforms.ActiveCfg = CoreCLR_Debug|Any CPU
		{A4ACED56-4CAE-49C3-B12C-5CE678A55545}.CoreCLR_Debug|Mixed Platforms.Build.0 = CoreCLR_Debug|Any CPU
		{A4ACED56-4CAE-49C3-B12C-5CE678A55545}.CoreCLR_Debug|Windows.ActiveCfg = CoreCLR_Debug|Any CPU
		{A4ACED56-4CAE-49C3-B12C-5CE678A55545}.CoreCLR_Debug|Windows.Build.0 = CoreCLR_Debug|Any CPU
		{A4ACED56-4CAE-49C3-B12C-5CE678A55545}.CoreCLR_Release|Any CPU.ActiveCfg = CoreCLR_Release|Any CPU
		{A4ACED56-4CAE-49C3-B12C-5CE678A55545}.CoreCLR_Release|Any CPU.Build.0 = CoreCLR_Release|Any CPU
		{A4ACED56-4CAE-49C3-B12C-5CE678A55545}.CoreCLR_Release|Mixed Platforms.ActiveCfg = CoreCLR_Release|Any CPU
		{A4ACED56-4CAE-49C3-B12C-5CE678A55545}.CoreCLR_Release|Mixed Platforms.Build.0 = CoreCLR_Release|Any CPU
		{A4ACED56-4CAE-49C3-B12C-5CE678A55545}.CoreCLR_Release|Windows.ActiveCfg = CoreCLR_Release|Any CPU
		{A4ACED56-4CAE-49C3-B12C-5CE678A55545}.CoreCLR_Release|Windows.Build.0 = CoreCLR_Release|Any CPU
		{A4ACED56-4CAE-49C3-B12C-5CE678A55545}.Debug|Any CPU.ActiveCfg = Debug|Any CPU
		{A4ACED56-4CAE-49C3-B12C-5CE678A55545}.Debug|Any CPU.Build.0 = Debug|Any CPU
		{A4ACED56-4CAE-49C3-B12C-5CE678A55545}.Debug|Mixed Platforms.ActiveCfg = Debug|Any CPU
		{A4ACED56-4CAE-49C3-B12C-5CE678A55545}.Debug|Mixed Platforms.Build.0 = Debug|Any CPU
		{A4ACED56-4CAE-49C3-B12C-5CE678A55545}.Debug|Windows.ActiveCfg = Debug|Any CPU
		{A4ACED56-4CAE-49C3-B12C-5CE678A55545}.Debug|Windows.Build.0 = Debug|Any CPU
		{A4ACED56-4CAE-49C3-B12C-5CE678A55545}.Release|Any CPU.ActiveCfg = Release|Any CPU
		{A4ACED56-4CAE-49C3-B12C-5CE678A55545}.Release|Any CPU.Build.0 = Release|Any CPU
		{A4ACED56-4CAE-49C3-B12C-5CE678A55545}.Release|Mixed Platforms.ActiveCfg = Release|Any CPU
		{A4ACED56-4CAE-49C3-B12C-5CE678A55545}.Release|Mixed Platforms.Build.0 = Release|Any CPU
		{A4ACED56-4CAE-49C3-B12C-5CE678A55545}.Release|Windows.ActiveCfg = Release|Any CPU
		{A4ACED56-4CAE-49C3-B12C-5CE678A55545}.Release|Windows.Build.0 = Release|Any CPU
		{A4ACED56-4CAE-49C3-B12C-5CE678A55545}.Testing|Any CPU.ActiveCfg = Testing|Any CPU
		{A4ACED56-4CAE-49C3-B12C-5CE678A55545}.Testing|Any CPU.Build.0 = Testing|Any CPU
		{A4ACED56-4CAE-49C3-B12C-5CE678A55545}.Testing|Mixed Platforms.ActiveCfg = Testing|Any CPU
		{A4ACED56-4CAE-49C3-B12C-5CE678A55545}.Testing|Mixed Platforms.Build.0 = Testing|Any CPU
		{A4ACED56-4CAE-49C3-B12C-5CE678A55545}.Testing|Windows.ActiveCfg = Testing|Any CPU
		{A4ACED56-4CAE-49C3-B12C-5CE678A55545}.Testing|Windows.Build.0 = Testing|Any CPU
		{A9A28FFA-4F3F-4AE3-B04A-96159EED4534}.AppStore|Any CPU.ActiveCfg = AppStore|Any CPU
		{A9A28FFA-4F3F-4AE3-B04A-96159EED4534}.AppStore|Any CPU.Build.0 = AppStore|Any CPU
		{A9A28FFA-4F3F-4AE3-B04A-96159EED4534}.AppStore|Any CPU.Deploy.0 = AppStore|Any CPU
		{A9A28FFA-4F3F-4AE3-B04A-96159EED4534}.AppStore|Mixed Platforms.ActiveCfg = AppStore|Any CPU
		{A9A28FFA-4F3F-4AE3-B04A-96159EED4534}.AppStore|Mixed Platforms.Build.0 = AppStore|Any CPU
		{A9A28FFA-4F3F-4AE3-B04A-96159EED4534}.AppStore|Mixed Platforms.Deploy.0 = AppStore|Any CPU
		{A9A28FFA-4F3F-4AE3-B04A-96159EED4534}.AppStore|Windows.ActiveCfg = AppStore|Any CPU
		{A9A28FFA-4F3F-4AE3-B04A-96159EED4534}.AppStore|Windows.Build.0 = AppStore|Any CPU
		{A9A28FFA-4F3F-4AE3-B04A-96159EED4534}.AppStore|Windows.Deploy.0 = AppStore|Any CPU
		{A9A28FFA-4F3F-4AE3-B04A-96159EED4534}.CoreCLR_Debug|Any CPU.ActiveCfg = CoreCLR_Debug|Any CPU
		{A9A28FFA-4F3F-4AE3-B04A-96159EED4534}.CoreCLR_Debug|Any CPU.Build.0 = CoreCLR_Debug|Any CPU
		{A9A28FFA-4F3F-4AE3-B04A-96159EED4534}.CoreCLR_Debug|Any CPU.Deploy.0 = CoreCLR_Debug|Any CPU
		{A9A28FFA-4F3F-4AE3-B04A-96159EED4534}.CoreCLR_Debug|Mixed Platforms.ActiveCfg = CoreCLR_Debug|Any CPU
		{A9A28FFA-4F3F-4AE3-B04A-96159EED4534}.CoreCLR_Debug|Mixed Platforms.Build.0 = CoreCLR_Debug|Any CPU
		{A9A28FFA-4F3F-4AE3-B04A-96159EED4534}.CoreCLR_Debug|Mixed Platforms.Deploy.0 = CoreCLR_Debug|Any CPU
		{A9A28FFA-4F3F-4AE3-B04A-96159EED4534}.CoreCLR_Debug|Windows.ActiveCfg = CoreCLR_Debug|Any CPU
		{A9A28FFA-4F3F-4AE3-B04A-96159EED4534}.CoreCLR_Debug|Windows.Build.0 = CoreCLR_Debug|Any CPU
		{A9A28FFA-4F3F-4AE3-B04A-96159EED4534}.CoreCLR_Debug|Windows.Deploy.0 = CoreCLR_Debug|Any CPU
		{A9A28FFA-4F3F-4AE3-B04A-96159EED4534}.CoreCLR_Release|Any CPU.ActiveCfg = CoreCLR_Release|Any CPU
		{A9A28FFA-4F3F-4AE3-B04A-96159EED4534}.CoreCLR_Release|Any CPU.Build.0 = CoreCLR_Release|Any CPU
		{A9A28FFA-4F3F-4AE3-B04A-96159EED4534}.CoreCLR_Release|Any CPU.Deploy.0 = CoreCLR_Release|Any CPU
		{A9A28FFA-4F3F-4AE3-B04A-96159EED4534}.CoreCLR_Release|Mixed Platforms.ActiveCfg = CoreCLR_Release|Any CPU
		{A9A28FFA-4F3F-4AE3-B04A-96159EED4534}.CoreCLR_Release|Mixed Platforms.Build.0 = CoreCLR_Release|Any CPU
		{A9A28FFA-4F3F-4AE3-B04A-96159EED4534}.CoreCLR_Release|Mixed Platforms.Deploy.0 = CoreCLR_Release|Any CPU
		{A9A28FFA-4F3F-4AE3-B04A-96159EED4534}.CoreCLR_Release|Windows.ActiveCfg = CoreCLR_Release|Any CPU
		{A9A28FFA-4F3F-4AE3-B04A-96159EED4534}.CoreCLR_Release|Windows.Build.0 = CoreCLR_Release|Any CPU
		{A9A28FFA-4F3F-4AE3-B04A-96159EED4534}.CoreCLR_Release|Windows.Deploy.0 = CoreCLR_Release|Any CPU
		{A9A28FFA-4F3F-4AE3-B04A-96159EED4534}.Debug|Any CPU.ActiveCfg = Debug|Any CPU
		{A9A28FFA-4F3F-4AE3-B04A-96159EED4534}.Debug|Any CPU.Build.0 = Debug|Any CPU
		{A9A28FFA-4F3F-4AE3-B04A-96159EED4534}.Debug|Any CPU.Deploy.0 = Debug|Any CPU
		{A9A28FFA-4F3F-4AE3-B04A-96159EED4534}.Debug|Mixed Platforms.ActiveCfg = Debug|Any CPU
		{A9A28FFA-4F3F-4AE3-B04A-96159EED4534}.Debug|Mixed Platforms.Build.0 = Debug|Any CPU
		{A9A28FFA-4F3F-4AE3-B04A-96159EED4534}.Debug|Mixed Platforms.Deploy.0 = Debug|Any CPU
		{A9A28FFA-4F3F-4AE3-B04A-96159EED4534}.Debug|Windows.ActiveCfg = Debug|Any CPU
		{A9A28FFA-4F3F-4AE3-B04A-96159EED4534}.Debug|Windows.Build.0 = Debug|Any CPU
		{A9A28FFA-4F3F-4AE3-B04A-96159EED4534}.Debug|Windows.Deploy.0 = Debug|Any CPU
		{A9A28FFA-4F3F-4AE3-B04A-96159EED4534}.Release|Any CPU.ActiveCfg = Release|Any CPU
		{A9A28FFA-4F3F-4AE3-B04A-96159EED4534}.Release|Any CPU.Build.0 = Release|Any CPU
		{A9A28FFA-4F3F-4AE3-B04A-96159EED4534}.Release|Any CPU.Deploy.0 = Release|Any CPU
		{A9A28FFA-4F3F-4AE3-B04A-96159EED4534}.Release|Mixed Platforms.ActiveCfg = Release|Any CPU
		{A9A28FFA-4F3F-4AE3-B04A-96159EED4534}.Release|Mixed Platforms.Build.0 = Release|Any CPU
		{A9A28FFA-4F3F-4AE3-B04A-96159EED4534}.Release|Mixed Platforms.Deploy.0 = Release|Any CPU
		{A9A28FFA-4F3F-4AE3-B04A-96159EED4534}.Release|Windows.ActiveCfg = Release|Any CPU
		{A9A28FFA-4F3F-4AE3-B04A-96159EED4534}.Release|Windows.Build.0 = Release|Any CPU
		{A9A28FFA-4F3F-4AE3-B04A-96159EED4534}.Release|Windows.Deploy.0 = Release|Any CPU
		{A9A28FFA-4F3F-4AE3-B04A-96159EED4534}.Testing|Any CPU.ActiveCfg = Testing|Any CPU
		{A9A28FFA-4F3F-4AE3-B04A-96159EED4534}.Testing|Any CPU.Build.0 = Testing|Any CPU
		{A9A28FFA-4F3F-4AE3-B04A-96159EED4534}.Testing|Any CPU.Deploy.0 = Testing|Any CPU
		{A9A28FFA-4F3F-4AE3-B04A-96159EED4534}.Testing|Mixed Platforms.ActiveCfg = Testing|Any CPU
		{A9A28FFA-4F3F-4AE3-B04A-96159EED4534}.Testing|Mixed Platforms.Build.0 = Testing|Any CPU
		{A9A28FFA-4F3F-4AE3-B04A-96159EED4534}.Testing|Mixed Platforms.Deploy.0 = Testing|Any CPU
		{A9A28FFA-4F3F-4AE3-B04A-96159EED4534}.Testing|Windows.ActiveCfg = Testing|Any CPU
		{A9A28FFA-4F3F-4AE3-B04A-96159EED4534}.Testing|Windows.Build.0 = Testing|Any CPU
		{A9A28FFA-4F3F-4AE3-B04A-96159EED4534}.Testing|Windows.Deploy.0 = Testing|Any CPU
		{947485C9-3E19-48A2-9631-B6266EB433BB}.AppStore|Any CPU.ActiveCfg = AppStore|Any CPU
		{947485C9-3E19-48A2-9631-B6266EB433BB}.AppStore|Any CPU.Build.0 = AppStore|Any CPU
		{947485C9-3E19-48A2-9631-B6266EB433BB}.AppStore|Mixed Platforms.ActiveCfg = AppStore|Any CPU
		{947485C9-3E19-48A2-9631-B6266EB433BB}.AppStore|Windows.ActiveCfg = AppStore|Any CPU
		{947485C9-3E19-48A2-9631-B6266EB433BB}.CoreCLR_Debug|Any CPU.ActiveCfg = CoreCLR_Debug|Any CPU
		{947485C9-3E19-48A2-9631-B6266EB433BB}.CoreCLR_Debug|Any CPU.Build.0 = CoreCLR_Debug|Any CPU
		{947485C9-3E19-48A2-9631-B6266EB433BB}.CoreCLR_Debug|Mixed Platforms.ActiveCfg = CoreCLR_Debug|Any CPU
		{947485C9-3E19-48A2-9631-B6266EB433BB}.CoreCLR_Debug|Windows.ActiveCfg = CoreCLR_Debug|Any CPU
		{947485C9-3E19-48A2-9631-B6266EB433BB}.CoreCLR_Release|Any CPU.ActiveCfg = CoreCLR_Release|Any CPU
		{947485C9-3E19-48A2-9631-B6266EB433BB}.CoreCLR_Release|Any CPU.Build.0 = CoreCLR_Release|Any CPU
		{947485C9-3E19-48A2-9631-B6266EB433BB}.CoreCLR_Release|Mixed Platforms.ActiveCfg = CoreCLR_Release|Any CPU
		{947485C9-3E19-48A2-9631-B6266EB433BB}.CoreCLR_Release|Windows.ActiveCfg = CoreCLR_Release|Any CPU
		{947485C9-3E19-48A2-9631-B6266EB433BB}.Debug|Any CPU.ActiveCfg = Debug|Any CPU
		{947485C9-3E19-48A2-9631-B6266EB433BB}.Debug|Any CPU.Build.0 = Debug|Any CPU
		{947485C9-3E19-48A2-9631-B6266EB433BB}.Debug|Mixed Platforms.ActiveCfg = Debug|Any CPU
		{947485C9-3E19-48A2-9631-B6266EB433BB}.Debug|Windows.ActiveCfg = Debug|Any CPU
		{947485C9-3E19-48A2-9631-B6266EB433BB}.Release|Any CPU.ActiveCfg = Release|Any CPU
		{947485C9-3E19-48A2-9631-B6266EB433BB}.Release|Any CPU.Build.0 = Release|Any CPU
		{947485C9-3E19-48A2-9631-B6266EB433BB}.Release|Mixed Platforms.ActiveCfg = Release|Any CPU
		{947485C9-3E19-48A2-9631-B6266EB433BB}.Release|Windows.ActiveCfg = Release|Any CPU
		{947485C9-3E19-48A2-9631-B6266EB433BB}.Testing|Any CPU.ActiveCfg = Testing|Any CPU
		{947485C9-3E19-48A2-9631-B6266EB433BB}.Testing|Any CPU.Build.0 = Testing|Any CPU
		{947485C9-3E19-48A2-9631-B6266EB433BB}.Testing|Mixed Platforms.ActiveCfg = Testing|Any CPU
		{947485C9-3E19-48A2-9631-B6266EB433BB}.Testing|Windows.ActiveCfg = Testing|Any CPU
		{713454CC-A90E-4A7A-B0DA-12686825E58B}.AppStore|Any CPU.ActiveCfg = AppStore|Any CPU
		{713454CC-A90E-4A7A-B0DA-12686825E58B}.AppStore|Any CPU.Build.0 = AppStore|Any CPU
		{713454CC-A90E-4A7A-B0DA-12686825E58B}.AppStore|Mixed Platforms.ActiveCfg = AppStore|Any CPU
		{713454CC-A90E-4A7A-B0DA-12686825E58B}.AppStore|Mixed Platforms.Build.0 = AppStore|Any CPU
		{713454CC-A90E-4A7A-B0DA-12686825E58B}.AppStore|Windows.ActiveCfg = AppStore|Any CPU
		{713454CC-A90E-4A7A-B0DA-12686825E58B}.AppStore|Windows.Build.0 = AppStore|Any CPU
		{713454CC-A90E-4A7A-B0DA-12686825E58B}.CoreCLR_Debug|Any CPU.ActiveCfg = CoreCLR_Debug|Any CPU
		{713454CC-A90E-4A7A-B0DA-12686825E58B}.CoreCLR_Debug|Any CPU.Build.0 = CoreCLR_Debug|Any CPU
		{713454CC-A90E-4A7A-B0DA-12686825E58B}.CoreCLR_Debug|Mixed Platforms.ActiveCfg = CoreCLR_Debug|Any CPU
		{713454CC-A90E-4A7A-B0DA-12686825E58B}.CoreCLR_Debug|Mixed Platforms.Build.0 = CoreCLR_Debug|Any CPU
		{713454CC-A90E-4A7A-B0DA-12686825E58B}.CoreCLR_Debug|Windows.ActiveCfg = CoreCLR_Debug|Any CPU
		{713454CC-A90E-4A7A-B0DA-12686825E58B}.CoreCLR_Debug|Windows.Build.0 = CoreCLR_Debug|Any CPU
		{713454CC-A90E-4A7A-B0DA-12686825E58B}.CoreCLR_Release|Any CPU.ActiveCfg = CoreCLR_Release|Any CPU
		{713454CC-A90E-4A7A-B0DA-12686825E58B}.CoreCLR_Release|Any CPU.Build.0 = CoreCLR_Release|Any CPU
		{713454CC-A90E-4A7A-B0DA-12686825E58B}.CoreCLR_Release|Mixed Platforms.ActiveCfg = CoreCLR_Release|Any CPU
		{713454CC-A90E-4A7A-B0DA-12686825E58B}.CoreCLR_Release|Mixed Platforms.Build.0 = CoreCLR_Release|Any CPU
		{713454CC-A90E-4A7A-B0DA-12686825E58B}.CoreCLR_Release|Windows.ActiveCfg = CoreCLR_Release|Any CPU
		{713454CC-A90E-4A7A-B0DA-12686825E58B}.CoreCLR_Release|Windows.Build.0 = CoreCLR_Release|Any CPU
		{713454CC-A90E-4A7A-B0DA-12686825E58B}.Debug|Any CPU.ActiveCfg = Debug|Any CPU
		{713454CC-A90E-4A7A-B0DA-12686825E58B}.Debug|Any CPU.Build.0 = Debug|Any CPU
		{713454CC-A90E-4A7A-B0DA-12686825E58B}.Debug|Mixed Platforms.ActiveCfg = Debug|Any CPU
		{713454CC-A90E-4A7A-B0DA-12686825E58B}.Debug|Mixed Platforms.Build.0 = Debug|Any CPU
		{713454CC-A90E-4A7A-B0DA-12686825E58B}.Debug|Windows.ActiveCfg = Debug|Any CPU
		{713454CC-A90E-4A7A-B0DA-12686825E58B}.Debug|Windows.Build.0 = Debug|Any CPU
		{713454CC-A90E-4A7A-B0DA-12686825E58B}.Release|Any CPU.ActiveCfg = Release|Any CPU
		{713454CC-A90E-4A7A-B0DA-12686825E58B}.Release|Any CPU.Build.0 = Release|Any CPU
		{713454CC-A90E-4A7A-B0DA-12686825E58B}.Release|Mixed Platforms.ActiveCfg = Release|Any CPU
		{713454CC-A90E-4A7A-B0DA-12686825E58B}.Release|Mixed Platforms.Build.0 = Release|Any CPU
		{713454CC-A90E-4A7A-B0DA-12686825E58B}.Release|Windows.ActiveCfg = Release|Any CPU
		{713454CC-A90E-4A7A-B0DA-12686825E58B}.Release|Windows.Build.0 = Release|Any CPU
		{713454CC-A90E-4A7A-B0DA-12686825E58B}.Testing|Any CPU.ActiveCfg = Testing|Any CPU
		{713454CC-A90E-4A7A-B0DA-12686825E58B}.Testing|Any CPU.Build.0 = Testing|Any CPU
		{713454CC-A90E-4A7A-B0DA-12686825E58B}.Testing|Mixed Platforms.ActiveCfg = Testing|Any CPU
		{713454CC-A90E-4A7A-B0DA-12686825E58B}.Testing|Mixed Platforms.Build.0 = Testing|Any CPU
		{713454CC-A90E-4A7A-B0DA-12686825E58B}.Testing|Windows.ActiveCfg = Testing|Any CPU
		{713454CC-A90E-4A7A-B0DA-12686825E58B}.Testing|Windows.Build.0 = Testing|Any CPU
		{1F293D61-F8C1-4DC7-AA59-8C42678CEC08}.AppStore|Any CPU.ActiveCfg = AppStore|Any CPU
		{1F293D61-F8C1-4DC7-AA59-8C42678CEC08}.AppStore|Any CPU.Build.0 = AppStore|Any CPU
		{1F293D61-F8C1-4DC7-AA59-8C42678CEC08}.AppStore|Mixed Platforms.ActiveCfg = AppStore|Any CPU
		{1F293D61-F8C1-4DC7-AA59-8C42678CEC08}.AppStore|Mixed Platforms.Build.0 = AppStore|Any CPU
		{1F293D61-F8C1-4DC7-AA59-8C42678CEC08}.AppStore|Windows.ActiveCfg = AppStore|Any CPU
		{1F293D61-F8C1-4DC7-AA59-8C42678CEC08}.AppStore|Windows.Build.0 = AppStore|Any CPU
		{1F293D61-F8C1-4DC7-AA59-8C42678CEC08}.CoreCLR_Debug|Any CPU.ActiveCfg = CoreCLR_Debug|Any CPU
		{1F293D61-F8C1-4DC7-AA59-8C42678CEC08}.CoreCLR_Debug|Any CPU.Build.0 = CoreCLR_Debug|Any CPU
		{1F293D61-F8C1-4DC7-AA59-8C42678CEC08}.CoreCLR_Debug|Mixed Platforms.ActiveCfg = CoreCLR_Debug|Any CPU
		{1F293D61-F8C1-4DC7-AA59-8C42678CEC08}.CoreCLR_Debug|Mixed Platforms.Build.0 = CoreCLR_Debug|Any CPU
		{1F293D61-F8C1-4DC7-AA59-8C42678CEC08}.CoreCLR_Debug|Windows.ActiveCfg = CoreCLR_Debug|Any CPU
		{1F293D61-F8C1-4DC7-AA59-8C42678CEC08}.CoreCLR_Debug|Windows.Build.0 = CoreCLR_Debug|Any CPU
		{1F293D61-F8C1-4DC7-AA59-8C42678CEC08}.CoreCLR_Release|Any CPU.ActiveCfg = CoreCLR_Release|Any CPU
		{1F293D61-F8C1-4DC7-AA59-8C42678CEC08}.CoreCLR_Release|Any CPU.Build.0 = CoreCLR_Release|Any CPU
		{1F293D61-F8C1-4DC7-AA59-8C42678CEC08}.CoreCLR_Release|Mixed Platforms.ActiveCfg = CoreCLR_Release|Any CPU
		{1F293D61-F8C1-4DC7-AA59-8C42678CEC08}.CoreCLR_Release|Mixed Platforms.Build.0 = CoreCLR_Release|Any CPU
		{1F293D61-F8C1-4DC7-AA59-8C42678CEC08}.CoreCLR_Release|Windows.ActiveCfg = CoreCLR_Release|Any CPU
		{1F293D61-F8C1-4DC7-AA59-8C42678CEC08}.CoreCLR_Release|Windows.Build.0 = CoreCLR_Release|Any CPU
		{1F293D61-F8C1-4DC7-AA59-8C42678CEC08}.Debug|Any CPU.ActiveCfg = Debug|Any CPU
		{1F293D61-F8C1-4DC7-AA59-8C42678CEC08}.Debug|Any CPU.Build.0 = Debug|Any CPU
		{1F293D61-F8C1-4DC7-AA59-8C42678CEC08}.Debug|Mixed Platforms.ActiveCfg = Debug|Any CPU
		{1F293D61-F8C1-4DC7-AA59-8C42678CEC08}.Debug|Mixed Platforms.Build.0 = Debug|Any CPU
		{1F293D61-F8C1-4DC7-AA59-8C42678CEC08}.Debug|Windows.ActiveCfg = Debug|Any CPU
		{1F293D61-F8C1-4DC7-AA59-8C42678CEC08}.Debug|Windows.Build.0 = Debug|Any CPU
		{1F293D61-F8C1-4DC7-AA59-8C42678CEC08}.Release|Any CPU.ActiveCfg = Release|Any CPU
		{1F293D61-F8C1-4DC7-AA59-8C42678CEC08}.Release|Any CPU.Build.0 = Release|Any CPU
		{1F293D61-F8C1-4DC7-AA59-8C42678CEC08}.Release|Mixed Platforms.ActiveCfg = Release|Any CPU
		{1F293D61-F8C1-4DC7-AA59-8C42678CEC08}.Release|Mixed Platforms.Build.0 = Release|Any CPU
		{1F293D61-F8C1-4DC7-AA59-8C42678CEC08}.Release|Windows.ActiveCfg = Release|Any CPU
		{1F293D61-F8C1-4DC7-AA59-8C42678CEC08}.Release|Windows.Build.0 = Release|Any CPU
		{1F293D61-F8C1-4DC7-AA59-8C42678CEC08}.Testing|Any CPU.ActiveCfg = Testing|Any CPU
		{1F293D61-F8C1-4DC7-AA59-8C42678CEC08}.Testing|Any CPU.Build.0 = Testing|Any CPU
		{1F293D61-F8C1-4DC7-AA59-8C42678CEC08}.Testing|Mixed Platforms.ActiveCfg = Testing|Any CPU
		{1F293D61-F8C1-4DC7-AA59-8C42678CEC08}.Testing|Mixed Platforms.Build.0 = Testing|Any CPU
		{1F293D61-F8C1-4DC7-AA59-8C42678CEC08}.Testing|Windows.ActiveCfg = Testing|Any CPU
		{1F293D61-F8C1-4DC7-AA59-8C42678CEC08}.Testing|Windows.Build.0 = Testing|Any CPU
		{5F908590-D260-4CF8-BE8E-D20AE7643041}.AppStore|Any CPU.ActiveCfg = Release|Any CPU
		{5F908590-D260-4CF8-BE8E-D20AE7643041}.AppStore|Any CPU.Build.0 = Release|Any CPU
		{5F908590-D260-4CF8-BE8E-D20AE7643041}.AppStore|Mixed Platforms.ActiveCfg = Release|Any CPU
		{5F908590-D260-4CF8-BE8E-D20AE7643041}.AppStore|Mixed Platforms.Build.0 = Release|Any CPU
		{5F908590-D260-4CF8-BE8E-D20AE7643041}.AppStore|Windows.ActiveCfg = Release|Any CPU
		{5F908590-D260-4CF8-BE8E-D20AE7643041}.AppStore|Windows.Build.0 = Release|Any CPU
		{5F908590-D260-4CF8-BE8E-D20AE7643041}.CoreCLR_Debug|Any CPU.ActiveCfg = Debug|Any CPU
		{5F908590-D260-4CF8-BE8E-D20AE7643041}.CoreCLR_Debug|Any CPU.Build.0 = Debug|Any CPU
		{5F908590-D260-4CF8-BE8E-D20AE7643041}.CoreCLR_Debug|Mixed Platforms.ActiveCfg = Debug|Any CPU
		{5F908590-D260-4CF8-BE8E-D20AE7643041}.CoreCLR_Debug|Mixed Platforms.Build.0 = Debug|Any CPU
		{5F908590-D260-4CF8-BE8E-D20AE7643041}.CoreCLR_Debug|Windows.ActiveCfg = Debug|Any CPU
		{5F908590-D260-4CF8-BE8E-D20AE7643041}.CoreCLR_Debug|Windows.Build.0 = Debug|Any CPU
		{5F908590-D260-4CF8-BE8E-D20AE7643041}.CoreCLR_Release|Any CPU.ActiveCfg = Release|Any CPU
		{5F908590-D260-4CF8-BE8E-D20AE7643041}.CoreCLR_Release|Any CPU.Build.0 = Release|Any CPU
		{5F908590-D260-4CF8-BE8E-D20AE7643041}.CoreCLR_Release|Mixed Platforms.ActiveCfg = Release|Any CPU
		{5F908590-D260-4CF8-BE8E-D20AE7643041}.CoreCLR_Release|Mixed Platforms.Build.0 = Release|Any CPU
		{5F908590-D260-4CF8-BE8E-D20AE7643041}.CoreCLR_Release|Windows.ActiveCfg = Release|Any CPU
		{5F908590-D260-4CF8-BE8E-D20AE7643041}.CoreCLR_Release|Windows.Build.0 = Release|Any CPU
		{5F908590-D260-4CF8-BE8E-D20AE7643041}.Debug|Any CPU.ActiveCfg = Debug|Any CPU
		{5F908590-D260-4CF8-BE8E-D20AE7643041}.Debug|Any CPU.Build.0 = Debug|Any CPU
		{5F908590-D260-4CF8-BE8E-D20AE7643041}.Debug|Mixed Platforms.ActiveCfg = Debug|Any CPU
		{5F908590-D260-4CF8-BE8E-D20AE7643041}.Debug|Mixed Platforms.Build.0 = Debug|Any CPU
		{5F908590-D260-4CF8-BE8E-D20AE7643041}.Debug|Windows.ActiveCfg = Debug|Any CPU
		{5F908590-D260-4CF8-BE8E-D20AE7643041}.Debug|Windows.Build.0 = Debug|Any CPU
		{5F908590-D260-4CF8-BE8E-D20AE7643041}.Release|Any CPU.ActiveCfg = Release|Any CPU
		{5F908590-D260-4CF8-BE8E-D20AE7643041}.Release|Any CPU.Build.0 = Release|Any CPU
		{5F908590-D260-4CF8-BE8E-D20AE7643041}.Release|Mixed Platforms.ActiveCfg = Release|Any CPU
		{5F908590-D260-4CF8-BE8E-D20AE7643041}.Release|Mixed Platforms.Build.0 = Release|Any CPU
		{5F908590-D260-4CF8-BE8E-D20AE7643041}.Release|Windows.ActiveCfg = Release|Any CPU
		{5F908590-D260-4CF8-BE8E-D20AE7643041}.Release|Windows.Build.0 = Release|Any CPU
		{5F908590-D260-4CF8-BE8E-D20AE7643041}.Testing|Any CPU.ActiveCfg = Release|Any CPU
		{5F908590-D260-4CF8-BE8E-D20AE7643041}.Testing|Any CPU.Build.0 = Release|Any CPU
		{5F908590-D260-4CF8-BE8E-D20AE7643041}.Testing|Mixed Platforms.ActiveCfg = Release|Any CPU
		{5F908590-D260-4CF8-BE8E-D20AE7643041}.Testing|Mixed Platforms.Build.0 = Release|Any CPU
		{5F908590-D260-4CF8-BE8E-D20AE7643041}.Testing|Windows.ActiveCfg = Release|Any CPU
		{5F908590-D260-4CF8-BE8E-D20AE7643041}.Testing|Windows.Build.0 = Release|Any CPU
		{0B034BE1-CE6D-4AB2-8F25-0AA02AAF4D75}.AppStore|Any CPU.ActiveCfg = AppStore|Any CPU
		{0B034BE1-CE6D-4AB2-8F25-0AA02AAF4D75}.AppStore|Any CPU.Build.0 = AppStore|Any CPU
		{0B034BE1-CE6D-4AB2-8F25-0AA02AAF4D75}.AppStore|Mixed Platforms.ActiveCfg = AppStore|Any CPU
		{0B034BE1-CE6D-4AB2-8F25-0AA02AAF4D75}.AppStore|Mixed Platforms.Build.0 = AppStore|Any CPU
		{0B034BE1-CE6D-4AB2-8F25-0AA02AAF4D75}.AppStore|Windows.ActiveCfg = AppStore|Any CPU
		{0B034BE1-CE6D-4AB2-8F25-0AA02AAF4D75}.AppStore|Windows.Build.0 = AppStore|Any CPU
		{0B034BE1-CE6D-4AB2-8F25-0AA02AAF4D75}.CoreCLR_Debug|Any CPU.ActiveCfg = CoreCLR_Debug|Any CPU
		{0B034BE1-CE6D-4AB2-8F25-0AA02AAF4D75}.CoreCLR_Debug|Any CPU.Build.0 = CoreCLR_Debug|Any CPU
		{0B034BE1-CE6D-4AB2-8F25-0AA02AAF4D75}.CoreCLR_Debug|Mixed Platforms.ActiveCfg = CoreCLR_Debug|Any CPU
		{0B034BE1-CE6D-4AB2-8F25-0AA02AAF4D75}.CoreCLR_Debug|Mixed Platforms.Build.0 = CoreCLR_Debug|Any CPU
		{0B034BE1-CE6D-4AB2-8F25-0AA02AAF4D75}.CoreCLR_Debug|Windows.ActiveCfg = CoreCLR_Debug|Any CPU
		{0B034BE1-CE6D-4AB2-8F25-0AA02AAF4D75}.CoreCLR_Debug|Windows.Build.0 = CoreCLR_Debug|Any CPU
		{0B034BE1-CE6D-4AB2-8F25-0AA02AAF4D75}.CoreCLR_Release|Any CPU.ActiveCfg = CoreCLR_Release|Any CPU
		{0B034BE1-CE6D-4AB2-8F25-0AA02AAF4D75}.CoreCLR_Release|Any CPU.Build.0 = CoreCLR_Release|Any CPU
		{0B034BE1-CE6D-4AB2-8F25-0AA02AAF4D75}.CoreCLR_Release|Mixed Platforms.ActiveCfg = CoreCLR_Release|Any CPU
		{0B034BE1-CE6D-4AB2-8F25-0AA02AAF4D75}.CoreCLR_Release|Mixed Platforms.Build.0 = CoreCLR_Release|Any CPU
		{0B034BE1-CE6D-4AB2-8F25-0AA02AAF4D75}.CoreCLR_Release|Windows.ActiveCfg = CoreCLR_Release|Any CPU
		{0B034BE1-CE6D-4AB2-8F25-0AA02AAF4D75}.CoreCLR_Release|Windows.Build.0 = CoreCLR_Release|Any CPU
		{0B034BE1-CE6D-4AB2-8F25-0AA02AAF4D75}.Debug|Any CPU.ActiveCfg = Debug|Any CPU
		{0B034BE1-CE6D-4AB2-8F25-0AA02AAF4D75}.Debug|Any CPU.Build.0 = Debug|Any CPU
		{0B034BE1-CE6D-4AB2-8F25-0AA02AAF4D75}.Debug|Mixed Platforms.ActiveCfg = Debug|Any CPU
		{0B034BE1-CE6D-4AB2-8F25-0AA02AAF4D75}.Debug|Mixed Platforms.Build.0 = Debug|Any CPU
		{0B034BE1-CE6D-4AB2-8F25-0AA02AAF4D75}.Debug|Windows.ActiveCfg = Debug|Any CPU
		{0B034BE1-CE6D-4AB2-8F25-0AA02AAF4D75}.Debug|Windows.Build.0 = Debug|Any CPU
		{0B034BE1-CE6D-4AB2-8F25-0AA02AAF4D75}.Release|Any CPU.ActiveCfg = Release|Any CPU
		{0B034BE1-CE6D-4AB2-8F25-0AA02AAF4D75}.Release|Any CPU.Build.0 = Release|Any CPU
		{0B034BE1-CE6D-4AB2-8F25-0AA02AAF4D75}.Release|Mixed Platforms.ActiveCfg = Release|Any CPU
		{0B034BE1-CE6D-4AB2-8F25-0AA02AAF4D75}.Release|Mixed Platforms.Build.0 = Release|Any CPU
		{0B034BE1-CE6D-4AB2-8F25-0AA02AAF4D75}.Release|Windows.ActiveCfg = Release|Any CPU
		{0B034BE1-CE6D-4AB2-8F25-0AA02AAF4D75}.Release|Windows.Build.0 = Release|Any CPU
		{0B034BE1-CE6D-4AB2-8F25-0AA02AAF4D75}.Testing|Any CPU.ActiveCfg = Testing|Any CPU
		{0B034BE1-CE6D-4AB2-8F25-0AA02AAF4D75}.Testing|Any CPU.Build.0 = Testing|Any CPU
		{0B034BE1-CE6D-4AB2-8F25-0AA02AAF4D75}.Testing|Mixed Platforms.ActiveCfg = Testing|Any CPU
		{0B034BE1-CE6D-4AB2-8F25-0AA02AAF4D75}.Testing|Mixed Platforms.Build.0 = Testing|Any CPU
		{0B034BE1-CE6D-4AB2-8F25-0AA02AAF4D75}.Testing|Windows.ActiveCfg = Testing|Any CPU
		{0B034BE1-CE6D-4AB2-8F25-0AA02AAF4D75}.Testing|Windows.Build.0 = Testing|Any CPU
		{1861B43C-B3BA-4BE6-BC4C-05FC009E1E90}.AppStore|Any CPU.ActiveCfg = AppStore|Any CPU
		{1861B43C-B3BA-4BE6-BC4C-05FC009E1E90}.AppStore|Any CPU.Build.0 = AppStore|Any CPU
		{1861B43C-B3BA-4BE6-BC4C-05FC009E1E90}.AppStore|Mixed Platforms.ActiveCfg = AppStore|Any CPU
		{1861B43C-B3BA-4BE6-BC4C-05FC009E1E90}.AppStore|Mixed Platforms.Build.0 = AppStore|Any CPU
		{1861B43C-B3BA-4BE6-BC4C-05FC009E1E90}.AppStore|Windows.ActiveCfg = AppStore|Any CPU
		{1861B43C-B3BA-4BE6-BC4C-05FC009E1E90}.AppStore|Windows.Build.0 = AppStore|Any CPU
		{1861B43C-B3BA-4BE6-BC4C-05FC009E1E90}.CoreCLR_Debug|Any CPU.ActiveCfg = CoreCLR_Debug|Any CPU
		{1861B43C-B3BA-4BE6-BC4C-05FC009E1E90}.CoreCLR_Debug|Any CPU.Build.0 = CoreCLR_Debug|Any CPU
		{1861B43C-B3BA-4BE6-BC4C-05FC009E1E90}.CoreCLR_Debug|Mixed Platforms.ActiveCfg = CoreCLR_Debug|Any CPU
		{1861B43C-B3BA-4BE6-BC4C-05FC009E1E90}.CoreCLR_Debug|Mixed Platforms.Build.0 = CoreCLR_Debug|Any CPU
		{1861B43C-B3BA-4BE6-BC4C-05FC009E1E90}.CoreCLR_Debug|Windows.ActiveCfg = CoreCLR_Debug|Any CPU
		{1861B43C-B3BA-4BE6-BC4C-05FC009E1E90}.CoreCLR_Debug|Windows.Build.0 = CoreCLR_Debug|Any CPU
		{1861B43C-B3BA-4BE6-BC4C-05FC009E1E90}.CoreCLR_Release|Any CPU.ActiveCfg = CoreCLR_Release|Any CPU
		{1861B43C-B3BA-4BE6-BC4C-05FC009E1E90}.CoreCLR_Release|Any CPU.Build.0 = CoreCLR_Release|Any CPU
		{1861B43C-B3BA-4BE6-BC4C-05FC009E1E90}.CoreCLR_Release|Mixed Platforms.ActiveCfg = CoreCLR_Release|Any CPU
		{1861B43C-B3BA-4BE6-BC4C-05FC009E1E90}.CoreCLR_Release|Mixed Platforms.Build.0 = CoreCLR_Release|Any CPU
		{1861B43C-B3BA-4BE6-BC4C-05FC009E1E90}.CoreCLR_Release|Windows.ActiveCfg = CoreCLR_Release|Any CPU
		{1861B43C-B3BA-4BE6-BC4C-05FC009E1E90}.CoreCLR_Release|Windows.Build.0 = CoreCLR_Release|Any CPU
		{1861B43C-B3BA-4BE6-BC4C-05FC009E1E90}.Debug|Any CPU.ActiveCfg = Debug|Any CPU
		{1861B43C-B3BA-4BE6-BC4C-05FC009E1E90}.Debug|Any CPU.Build.0 = Debug|Any CPU
		{1861B43C-B3BA-4BE6-BC4C-05FC009E1E90}.Debug|Mixed Platforms.ActiveCfg = Debug|Any CPU
		{1861B43C-B3BA-4BE6-BC4C-05FC009E1E90}.Debug|Mixed Platforms.Build.0 = Debug|Any CPU
		{1861B43C-B3BA-4BE6-BC4C-05FC009E1E90}.Debug|Windows.ActiveCfg = Debug|Any CPU
		{1861B43C-B3BA-4BE6-BC4C-05FC009E1E90}.Debug|Windows.Build.0 = Debug|Any CPU
		{1861B43C-B3BA-4BE6-BC4C-05FC009E1E90}.Release|Any CPU.ActiveCfg = Release|Any CPU
		{1861B43C-B3BA-4BE6-BC4C-05FC009E1E90}.Release|Any CPU.Build.0 = Release|Any CPU
		{1861B43C-B3BA-4BE6-BC4C-05FC009E1E90}.Release|Mixed Platforms.ActiveCfg = Release|Any CPU
		{1861B43C-B3BA-4BE6-BC4C-05FC009E1E90}.Release|Mixed Platforms.Build.0 = Release|Any CPU
		{1861B43C-B3BA-4BE6-BC4C-05FC009E1E90}.Release|Windows.ActiveCfg = Release|Any CPU
		{1861B43C-B3BA-4BE6-BC4C-05FC009E1E90}.Release|Windows.Build.0 = Release|Any CPU
		{1861B43C-B3BA-4BE6-BC4C-05FC009E1E90}.Testing|Any CPU.ActiveCfg = Testing|Any CPU
		{1861B43C-B3BA-4BE6-BC4C-05FC009E1E90}.Testing|Any CPU.Build.0 = Testing|Any CPU
		{1861B43C-B3BA-4BE6-BC4C-05FC009E1E90}.Testing|Mixed Platforms.ActiveCfg = Testing|Any CPU
		{1861B43C-B3BA-4BE6-BC4C-05FC009E1E90}.Testing|Mixed Platforms.Build.0 = Testing|Any CPU
		{1861B43C-B3BA-4BE6-BC4C-05FC009E1E90}.Testing|Windows.ActiveCfg = Testing|Any CPU
		{1861B43C-B3BA-4BE6-BC4C-05FC009E1E90}.Testing|Windows.Build.0 = Testing|Any CPU
	EndGlobalSection
	GlobalSection(SolutionProperties) = preSolution
		HideSolutionNode = FALSE
	EndGlobalSection
	GlobalSection(NestedProjects) = preSolution
		{A4ACED56-4CAE-49C3-B12C-5CE678A55545} = {273FB970-9299-44A9-AF51-ECA267009B9A}
		{A9A28FFA-4F3F-4AE3-B04A-96159EED4534} = {273FB970-9299-44A9-AF51-ECA267009B9A}
		{947485C9-3E19-48A2-9631-B6266EB433BB} = {9AADD287-26B1-4F1D-A5A7-A12BB90B4179}
		{713454CC-A90E-4A7A-B0DA-12686825E58B} = {D9F9977F-5BC7-4F04-B570-88DEE3102854}
		{1F293D61-F8C1-4DC7-AA59-8C42678CEC08} = {D9F9977F-5BC7-4F04-B570-88DEE3102854}
		{0B034BE1-CE6D-4AB2-8F25-0AA02AAF4D75} = {9AADD287-26B1-4F1D-A5A7-A12BB90B4179}
		{1861B43C-B3BA-4BE6-BC4C-05FC009E1E90} = {273FB970-9299-44A9-AF51-ECA267009B9A}
	EndGlobalSection
EndGlobal
