
Microsoft Visual Studio Solution File, Format Version 12.00
# Visual Studio 2015
Project("{FAE04EC0-301F-11D3-BF4B-00C04F79EFBC}") = "GUI.CSharp.Plugins", "GUI.CSharp.Plugins.csproj", "{7C0A54A2-B58F-B8EF-48E2-BFE6685A451C}"
EndProject
Project("{FAE04EC0-301F-11D3-BF4B-00C04F79EFBC}") = "GUI.CSharp", "GUI.CSharp.csproj", "{F5522515-2BC3-7108-73BD-5CE105BDC924}"
EndProject
Project("{FAE04EC0-301F-11D3-BF4B-00C04F79EFBC}") = "GUI.CSharp.Editor", "GUI.CSharp.Editor.csproj", "{31C15B52-5877-C061-75E8-D5C3EE1446DF}"
EndProject
Global
	GlobalSection(SolutionConfigurationPlatforms) = preSolution
		Debug|Any CPU = Debug|Any CPU
		Release|Any CPU = Release|Any CPU
	EndGlobalSection
	GlobalSection(ProjectConfigurationPlatforms) = postSolution
		{7C0A54A2-B58F-B8EF-48E2-BFE6685A451C}.Debug|Any CPU.ActiveCfg = Debug|Any CPU
		{7C0A54A2-B58F-B8EF-48E2-BFE6685A451C}.Debug|Any CPU.Build.0 = Debug|Any CPU
		{7C0A54A2-B58F-B8EF-48E2-BFE6685A451C}.Release|Any CPU.ActiveCfg = Release|Any CPU
		{7C0A54A2-B58F-B8EF-48E2-BFE6685A451C}.Release|Any CPU.Build.0 = Release|Any CPU
		{F5522515-2BC3-7108-73BD-5CE105BDC924}.Debug|Any CPU.ActiveCfg = Debug|Any CPU
		{F5522515-2BC3-7108-73BD-5CE105BDC924}.Debug|Any CPU.Build.0 = Debug|Any CPU
		{F5522515-2BC3-7108-73BD-5CE105BDC924}.Release|Any CPU.ActiveCfg = Release|Any CPU
		{F5522515-2BC3-7108-73BD-5CE105BDC924}.Release|Any CPU.Build.0 = Release|Any CPU
		{31C15B52-5877-C061-75E8-D5C3EE1446DF}.Debug|Any CPU.ActiveCfg = Debug|Any CPU
		{31C15B52-5877-C061-75E8-D5C3EE1446DF}.Debug|Any CPU.Build.0 = Debug|Any CPU
		{31C15B52-5877-C061-75E8-D5C3EE1446DF}.Release|Any CPU.ActiveCfg = Release|Any CPU
		{31C15B52-5877-C061-75E8-D5C3EE1446DF}.Release|Any CPU.Build.0 = Release|Any CPU
	EndGlobalSection
	GlobalSection(SolutionProperties) = preSolution
		HideSolutionNode = FALSE
	EndGlobalSection
EndGlobal
